
Microsoft Visual Studio Solution File, Format Version 12.00
# Visual Studio 15
VisualStudioVersion = 15.0.26124.0
MinimumVisualStudioVersion = 15.0.26124.0
Project("{FAE04EC0-301F-11D3-BF4B-00C04F79EFBC}") = "Farkle", "Farkle\Farkle.csproj", "{FDD7C10A-0077-4A25-8EB5-65EEDB3FA5F9}"
EndProject
Project("{FAE04EC0-301F-11D3-BF4B-00C04F79EFBC}") = "FarkleTests", "FarkleTests\FarkleTests.csproj", "{F45845AE-A621-4EE7-8219-9BB33119A13B}"
EndProject
Global
	GlobalSection(SolutionConfigurationPlatforms) = preSolution
		Debug|Any CPU = Debug|Any CPU
		Debug|x64 = Debug|x64
		Debug|x86 = Debug|x86
		Release|Any CPU = Release|Any CPU
		Release|x64 = Release|x64
		Release|x86 = Release|x86
	EndGlobalSection
	GlobalSection(SolutionProperties) = preSolution
		HideSolutionNode = FALSE
	EndGlobalSection
	GlobalSection(ProjectConfigurationPlatforms) = postSolution
		{FDD7C10A-0077-4A25-8EB5-65EEDB3FA5F9}.Debug|Any CPU.ActiveCfg = Debug|Any CPU
		{FDD7C10A-0077-4A25-8EB5-65EEDB3FA5F9}.Debug|Any CPU.Build.0 = Debug|Any CPU
		{FDD7C10A-0077-4A25-8EB5-65EEDB3FA5F9}.Debug|x64.ActiveCfg = Debug|Any CPU
		{FDD7C10A-0077-4A25-8EB5-65EEDB3FA5F9}.Debug|x64.Build.0 = Debug|Any CPU
		{FDD7C10A-0077-4A25-8EB5-65EEDB3FA5F9}.Debug|x86.ActiveCfg = Debug|Any CPU
		{FDD7C10A-0077-4A25-8EB5-65EEDB3FA5F9}.Debug|x86.Build.0 = Debug|Any CPU
		{FDD7C10A-0077-4A25-8EB5-65EEDB3FA5F9}.Release|Any CPU.ActiveCfg = Release|Any CPU
		{FDD7C10A-0077-4A25-8EB5-65EEDB3FA5F9}.Release|Any CPU.Build.0 = Release|Any CPU
		{FDD7C10A-0077-4A25-8EB5-65EEDB3FA5F9}.Release|x64.ActiveCfg = Release|Any CPU
		{FDD7C10A-0077-4A25-8EB5-65EEDB3FA5F9}.Release|x64.Build.0 = Release|Any CPU
		{FDD7C10A-0077-4A25-8EB5-65EEDB3FA5F9}.Release|x86.ActiveCfg = Release|Any CPU
		{FDD7C10A-0077-4A25-8EB5-65EEDB3FA5F9}.Release|x86.Build.0 = Release|Any CPU
		{F45845AE-A621-4EE7-8219-9BB33119A13B}.Debug|Any CPU.ActiveCfg = Debug|Any CPU
		{F45845AE-A621-4EE7-8219-9BB33119A13B}.Debug|Any CPU.Build.0 = Debug|Any CPU
		{F45845AE-A621-4EE7-8219-9BB33119A13B}.Debug|x64.ActiveCfg = Debug|Any CPU
		{F45845AE-A621-4EE7-8219-9BB33119A13B}.Debug|x64.Build.0 = Debug|Any CPU
		{F45845AE-A621-4EE7-8219-9BB33119A13B}.Debug|x86.ActiveCfg = Debug|Any CPU
		{F45845AE-A621-4EE7-8219-9BB33119A13B}.Debug|x86.Build.0 = Debug|Any CPU
		{F45845AE-A621-4EE7-8219-9BB33119A13B}.Release|Any CPU.ActiveCfg = Release|Any CPU
		{F45845AE-A621-4EE7-8219-9BB33119A13B}.Release|Any CPU.Build.0 = Release|Any CPU
		{F45845AE-A621-4EE7-8219-9BB33119A13B}.Release|x64.ActiveCfg = Release|Any CPU
		{F45845AE-A621-4EE7-8219-9BB33119A13B}.Release|x64.Build.0 = Release|Any CPU
		{F45845AE-A621-4EE7-8219-9BB33119A13B}.Release|x86.ActiveCfg = Release|Any CPU
		{F45845AE-A621-4EE7-8219-9BB33119A13B}.Release|x86.Build.0 = Release|Any CPU
	EndGlobalSection
EndGlobal
